
Microsoft Visual Studio Solution File, Format Version 12.00
# Visual Studio Version 16
VisualStudioVersion = 16.0.30406.217
MinimumVisualStudioVersion = 10.0.40219.1
Project("{FAE04EC0-301F-11D3-BF4B-00C04F79EFBC}") = "BMI", "BMI.csproj", "{D8139F43-774A-4E3E-82D4-3032B7DE9450}"
EndProject
Global
	GlobalSection(SolutionConfigurationPlatforms) = preSolution
		Debug|Any CPU = Debug|Any CPU
		Release|Any CPU = Release|Any CPU
	EndGlobalSection
	GlobalSection(ProjectConfigurationPlatforms) = postSolution
		{D8139F43-774A-4E3E-82D4-3032B7DE9450}.Debug|Any CPU.ActiveCfg = Debug|Any CPU
		{D8139F43-774A-4E3E-82D4-3032B7DE9450}.Debug|Any CPU.Build.0 = Debug|Any CPU
		{D8139F43-774A-4E3E-82D4-3032B7DE9450}.Release|Any CPU.ActiveCfg = Release|Any CPU
		{D8139F43-774A-4E3E-82D4-3032B7DE9450}.Release|Any CPU.Build.0 = Release|Any CPU
	EndGlobalSection
	GlobalSection(SolutionProperties) = preSolution
		HideSolutionNode = FALSE
	EndGlobalSection
	GlobalSection(ExtensibilityGlobals) = postSolution
		SolutionGuid = {A102C72D-15BD-411E-AAD0-0D2ADED8F4F9}
	EndGlobalSection
EndGlobal
